
Microsoft Visual Studio Solution File, Format Version 12.00
# Visual Studio Version 17
VisualStudioVersion = 17.0.31919.166
MinimumVisualStudioVersion = 10.0.40219.1
Project("{2150E333-8FDC-42A3-9474-1A3956D46DE8}") = "Solution Items", "Solution Items", "{E0C31B53-65DB-4B03-ABDE-90D15682EE56}"
	ProjectSection(SolutionItems) = preProject
		Documentation.txt = Documentation.txt
		Proje Documentation.txt = Proje Documentation.txt
	EndProjectSection
EndProject
Project("{9A19103F-16F7-4668-BE54-9A1E7A4F7556}") = "JWTAppBackOffice", "JWTAppBackOffice\JWTAppBackOffice.csproj", "{485D5F70-D0C4-4A59-8331-123F34691F55}"
EndProject
Project("{FAE04EC0-301F-11D3-BF4B-00C04F79EFBC}") = "JwtAppUI", "JwtAppUI\JwtAppUI.csproj", "{1402F8D9-BD93-4A0A-91F8-84352D17FB88}"
EndProject
Global
	GlobalSection(SolutionConfigurationPlatforms) = preSolution
		Debug|Any CPU = Debug|Any CPU
		Release|Any CPU = Release|Any CPU
	EndGlobalSection
	GlobalSection(ProjectConfigurationPlatforms) = postSolution
		{485D5F70-D0C4-4A59-8331-123F34691F55}.Debug|Any CPU.ActiveCfg = Debug|Any CPU
		{485D5F70-D0C4-4A59-8331-123F34691F55}.Debug|Any CPU.Build.0 = Debug|Any CPU
		{485D5F70-D0C4-4A59-8331-123F34691F55}.Release|Any CPU.ActiveCfg = Release|Any CPU
		{485D5F70-D0C4-4A59-8331-123F34691F55}.Release|Any CPU.Build.0 = Release|Any CPU
		{1402F8D9-BD93-4A0A-91F8-84352D17FB88}.Debug|Any CPU.ActiveCfg = Debug|Any CPU
		{1402F8D9-BD93-4A0A-91F8-84352D17FB88}.Debug|Any CPU.Build.0 = Debug|Any CPU
		{1402F8D9-BD93-4A0A-91F8-84352D17FB88}.Release|Any CPU.ActiveCfg = Release|Any CPU
		{1402F8D9-BD93-4A0A-91F8-84352D17FB88}.Release|Any CPU.Build.0 = Release|Any CPU
	EndGlobalSection
	GlobalSection(SolutionProperties) = preSolution
		HideSolutionNode = FALSE
	EndGlobalSection
	GlobalSection(ExtensibilityGlobals) = postSolution
		SolutionGuid = {68658C25-12E3-438F-B70B-AC8A2F756044}
	EndGlobalSection
EndGlobal
